
Microsoft Visual Studio Solution File, Format Version 12.00
# Visual Studio 15
VisualStudioVersion = 15.0.28307.705
MinimumVisualStudioVersion = 10.0.40219.1
Project("{FAE04EC0-301F-11D3-BF4B-00C04F79EFBC}") = "Curso_Mod8_Git", "Curso_Mod8_Git\Curso_Mod8_Git.csproj", "{05DDA02B-F0B1-43EF-A80D-DCE19A4E684E}"
EndProject
Global
	GlobalSection(SolutionConfigurationPlatforms) = preSolution
		Debug|Any CPU = Debug|Any CPU
		Release|Any CPU = Release|Any CPU
	EndGlobalSection
	GlobalSection(ProjectConfigurationPlatforms) = postSolution
		{05DDA02B-F0B1-43EF-A80D-DCE19A4E684E}.Debug|Any CPU.ActiveCfg = Debug|Any CPU
		{05DDA02B-F0B1-43EF-A80D-DCE19A4E684E}.Debug|Any CPU.Build.0 = Debug|Any CPU
		{05DDA02B-F0B1-43EF-A80D-DCE19A4E684E}.Release|Any CPU.ActiveCfg = Release|Any CPU
		{05DDA02B-F0B1-43EF-A80D-DCE19A4E684E}.Release|Any CPU.Build.0 = Release|Any CPU
	EndGlobalSection
	GlobalSection(SolutionProperties) = preSolution
		HideSolutionNode = FALSE
	EndGlobalSection
	GlobalSection(ExtensibilityGlobals) = postSolution
		SolutionGuid = {A902E90D-02AD-4AA3-8E9F-7E160BC2237A}
	EndGlobalSection
EndGlobal
